
Microsoft Visual Studio Solution File, Format Version 12.00
# Visual Studio Version 17
VisualStudioVersion = 17.4.33103.184
MinimumVisualStudioVersion = 10.0.40219.1
Project("{FAE04EC0-301F-11D3-BF4B-00C04F79EFBC}") = "DemosCSharp7", "DemosCSharp7\DemosCSharp7.csproj", "{7FD2A09E-B0C7-41EB-8455-9B65FDFFACE0}"
EndProject
Global
	GlobalSection(SolutionConfigurationPlatforms) = preSolution
		Debug|Any CPU = Debug|Any CPU
		Release|Any CPU = Release|Any CPU
	EndGlobalSection
	GlobalSection(ProjectConfigurationPlatforms) = postSolution
		{7FD2A09E-B0C7-41EB-8455-9B65FDFFACE0}.Debug|Any CPU.ActiveCfg = Debug|Any CPU
		{7FD2A09E-B0C7-41EB-8455-9B65FDFFACE0}.Debug|Any CPU.Build.0 = Debug|Any CPU
		{7FD2A09E-B0C7-41EB-8455-9B65FDFFACE0}.Release|Any CPU.ActiveCfg = Release|Any CPU
		{7FD2A09E-B0C7-41EB-8455-9B65FDFFACE0}.Release|Any CPU.Build.0 = Release|Any CPU
	EndGlobalSection
	GlobalSection(SolutionProperties) = preSolution
		HideSolutionNode = FALSE
	EndGlobalSection
	GlobalSection(ExtensibilityGlobals) = postSolution
		SolutionGuid = {FEACDA9C-2CD8-45AC-AD79-F650E2D71C2E}
	EndGlobalSection
EndGlobal
